
Microsoft Visual Studio Solution File, Format Version 12.00
# Visual Studio 15
VisualStudioVersion = 15.0.28307.779
MinimumVisualStudioVersion = 10.0.40219.1
Project("{FAE04EC0-301F-11D3-BF4B-00C04F79EFBC}") = "Array2DConsole", "Array2DConsole\Array2DConsole.csproj", "{8CDC728A-4ABB-4CE2-B53F-D8B021076416}"
EndProject
Global
	GlobalSection(SolutionConfigurationPlatforms) = preSolution
		Debug|Any CPU = Debug|Any CPU
		Release|Any CPU = Release|Any CPU
	EndGlobalSection
	GlobalSection(ProjectConfigurationPlatforms) = postSolution
		{8CDC728A-4ABB-4CE2-B53F-D8B021076416}.Debug|Any CPU.ActiveCfg = Debug|Any CPU
		{8CDC728A-4ABB-4CE2-B53F-D8B021076416}.Debug|Any CPU.Build.0 = Debug|Any CPU
		{8CDC728A-4ABB-4CE2-B53F-D8B021076416}.Release|Any CPU.ActiveCfg = Release|Any CPU
		{8CDC728A-4ABB-4CE2-B53F-D8B021076416}.Release|Any CPU.Build.0 = Release|Any CPU
	EndGlobalSection
	GlobalSection(SolutionProperties) = preSolution
		HideSolutionNode = FALSE
	EndGlobalSection
	GlobalSection(ExtensibilityGlobals) = postSolution
		SolutionGuid = {2A2AA714-C1D3-4281-9F43-D9C44E5297DD}
	EndGlobalSection
EndGlobal
