
Microsoft Visual Studio Solution File, Format Version 12.00
# Visual Studio 15
VisualStudioVersion = 15.0.28307.779
MinimumVisualStudioVersion = 10.0.40219.1
Project("{FAE04EC0-301F-11D3-BF4B-00C04F79EFBC}") = "Arrays2DWinForms", "Arrays2DWinForms\Arrays2DWinForms.csproj", "{601129EC-B408-4A6F-BB1D-6BE1E2C6887B}"
EndProject
Global
	GlobalSection(SolutionConfigurationPlatforms) = preSolution
		Debug|Any CPU = Debug|Any CPU
		Release|Any CPU = Release|Any CPU
	EndGlobalSection
	GlobalSection(ProjectConfigurationPlatforms) = postSolution
		{601129EC-B408-4A6F-BB1D-6BE1E2C6887B}.Debug|Any CPU.ActiveCfg = Debug|Any CPU
		{601129EC-B408-4A6F-BB1D-6BE1E2C6887B}.Debug|Any CPU.Build.0 = Debug|Any CPU
		{601129EC-B408-4A6F-BB1D-6BE1E2C6887B}.Release|Any CPU.ActiveCfg = Release|Any CPU
		{601129EC-B408-4A6F-BB1D-6BE1E2C6887B}.Release|Any CPU.Build.0 = Release|Any CPU
	EndGlobalSection
	GlobalSection(SolutionProperties) = preSolution
		HideSolutionNode = FALSE
	EndGlobalSection
	GlobalSection(ExtensibilityGlobals) = postSolution
		SolutionGuid = {39150359-87EA-452F-91C6-4AFEA649901E}
	EndGlobalSection
EndGlobal
